
Microsoft Visual Studio Solution File, Format Version 12.00
# Visual Studio Version 17
VisualStudioVersion = 17.8.34330.188
MinimumVisualStudioVersion = 10.0.40219.1
Project("{9A19103F-16F7-4668-BE54-9A1E7A4F7556}") = "Core", "Core\Core.csproj", "{F81A65DF-4B8F-42F8-B325-24712E9A587C}"
EndProject
Project("{9A19103F-16F7-4668-BE54-9A1E7A4F7556}") = "EdtechSim", "EdtechSim\EdtechSim.csproj", "{8A8EC751-9622-4147-8EDE-309F5091F326}"
EndProject
Project("{9A19103F-16F7-4668-BE54-9A1E7A4F7556}") = "FintechSim", "FintechSim\FintechSim.csproj", "{60542242-7467-4959-9677-CD788621F793}"
EndProject
Global
	GlobalSection(SolutionConfigurationPlatforms) = preSolution
		Debug|Any CPU = Debug|Any CPU
		Release|Any CPU = Release|Any CPU
	EndGlobalSection
	GlobalSection(ProjectConfigurationPlatforms) = postSolution
		{F81A65DF-4B8F-42F8-B325-24712E9A587C}.Debug|Any CPU.ActiveCfg = Debug|Any CPU
		{F81A65DF-4B8F-42F8-B325-24712E9A587C}.Debug|Any CPU.Build.0 = Debug|Any CPU
		{F81A65DF-4B8F-42F8-B325-24712E9A587C}.Release|Any CPU.ActiveCfg = Release|Any CPU
		{F81A65DF-4B8F-42F8-B325-24712E9A587C}.Release|Any CPU.Build.0 = Release|Any CPU
		{8A8EC751-9622-4147-8EDE-309F5091F326}.Debug|Any CPU.ActiveCfg = Debug|Any CPU
		{8A8EC751-9622-4147-8EDE-309F5091F326}.Debug|Any CPU.Build.0 = Debug|Any CPU
		{8A8EC751-9622-4147-8EDE-309F5091F326}.Release|Any CPU.ActiveCfg = Release|Any CPU
		{8A8EC751-9622-4147-8EDE-309F5091F326}.Release|Any CPU.Build.0 = Release|Any CPU
		{60542242-7467-4959-9677-CD788621F793}.Debug|Any CPU.ActiveCfg = Debug|Any CPU
		{60542242-7467-4959-9677-CD788621F793}.Debug|Any CPU.Build.0 = Debug|Any CPU
		{60542242-7467-4959-9677-CD788621F793}.Release|Any CPU.ActiveCfg = Release|Any CPU
		{60542242-7467-4959-9677-CD788621F793}.Release|Any CPU.Build.0 = Release|Any CPU
	EndGlobalSection
	GlobalSection(SolutionProperties) = preSolution
		HideSolutionNode = FALSE
	EndGlobalSection
	GlobalSection(ExtensibilityGlobals) = postSolution
		SolutionGuid = {A7D549CF-558F-4AAD-986F-1F1C4B69DC4C}
	EndGlobalSection
EndGlobal
